
Microsoft Visual Studio Solution File, Format Version 12.00
# Visual Studio Version 16
VisualStudioVersion = 16.0.29709.97
MinimumVisualStudioVersion = 10.0.40219.1
Project("{FAE04EC0-301F-11D3-BF4B-00C04F79EFBC}") = "OpenWeather", "OpenWeather\OpenWeather.csproj", "{CA6D9672-A669-400A-A8C7-EE61D0CD210A}"
EndProject
Global
	GlobalSection(SolutionConfigurationPlatforms) = preSolution
		Debug|Any CPU = Debug|Any CPU
		Release|Any CPU = Release|Any CPU
	EndGlobalSection
	GlobalSection(ProjectConfigurationPlatforms) = postSolution
		{CA6D9672-A669-400A-A8C7-EE61D0CD210A}.Debug|Any CPU.ActiveCfg = Debug|Any CPU
		{CA6D9672-A669-400A-A8C7-EE61D0CD210A}.Debug|Any CPU.Build.0 = Debug|Any CPU
		{CA6D9672-A669-400A-A8C7-EE61D0CD210A}.Release|Any CPU.ActiveCfg = Release|Any CPU
		{CA6D9672-A669-400A-A8C7-EE61D0CD210A}.Release|Any CPU.Build.0 = Release|Any CPU
	EndGlobalSection
	GlobalSection(SolutionProperties) = preSolution
		HideSolutionNode = FALSE
	EndGlobalSection
	GlobalSection(ExtensibilityGlobals) = postSolution
		SolutionGuid = {0095FA85-7084-42FF-8BCC-AFF72DB02EAE}
	EndGlobalSection
EndGlobal
